
Microsoft Visual Studio Solution File, Format Version 12.00
# Visual Studio 14
VisualStudioVersion = 14.0.25123.0
MinimumVisualStudioVersion = 10.0.40219.1
Project("{FAE04EC0-301F-11D3-BF4B-00C04F79EFBC}") = "HideHoldOut", "Plugins\HideHoldOut.csproj", "{D2BE63FB-71E0-462A-89EB-1AFFA6D3C396}"
EndProject
Project("{FAE04EC0-301F-11D3-BF4B-00C04F79EFBC}") = "Hurtworld", "Plugins\Hurtworld.csproj", "{76DDAB02-1DD9-4D86-8AD9-74454B93B284}"
EndProject
Project("{FAE04EC0-301F-11D3-BF4B-00C04F79EFBC}") = "ReignOfKings", "Plugins\ReignOfKings.csproj", "{16C99A61-A09B-41E4-B07A-EDEE3FEB3D19}"
EndProject
Project("{FAE04EC0-301F-11D3-BF4B-00C04F79EFBC}") = "Rust", "Plugins\Rust.csproj", "{28D59FFC-8D7E-47B0-8FF5-03BB8EA5067D}"
EndProject
Project("{FAE04EC0-301F-11D3-BF4B-00C04F79EFBC}") = "RustLegacy", "Plugins\RustLegacy.csproj", "{35169AA8-EB52-4506-B4A7-4A1FEF7CCEC2}"
EndProject
Project("{FAE04EC0-301F-11D3-BF4B-00C04F79EFBC}") = "SevenDays", "Plugins\SevenDays.csproj", "{1209B8BF-B6D1-4BB8-9C70-C37628B95675}"
EndProject
Project("{FAE04EC0-301F-11D3-BF4B-00C04F79EFBC}") = "TheForest", "Plugins\TheForest.csproj", "{2FFB5732-C054-4786-B89B-5864C668F018}"
EndProject
Project("{FAE04EC0-301F-11D3-BF4B-00C04F79EFBC}") = "Unturned", "Plugins\Unturned.csproj", "{C27EB0E1-D92C-444D-89E9-2D58141DCF3B}"
EndProject
Project("{FAE04EC0-301F-11D3-BF4B-00C04F79EFBC}") = "Covalence", "Plugins\Covalence.csproj", "{A3506EE5-68FD-4348-8699-D085995BEAFC}"
EndProject
Project("{FAE04EC0-301F-11D3-BF4B-00C04F79EFBC}") = "GangBeasts", "Plugins\GangBeasts.csproj", "{624B123B-EA53-4DE4-86A7-1D3A948C2F6C}"
EndProject
Project("{FAE04EC0-301F-11D3-BF4B-00C04F79EFBC}") = "ARK", "Plugins\ARK.csproj", "{FC3528A2-0C09-447C-B94F-13F1000D9A4B}"
EndProject
Project("{FAE04EC0-301F-11D3-BF4B-00C04F79EFBC}") = "Blockstorm", "Plugins\Blockstorm.csproj", "{F31B985A-2C9D-4B20-AA77-B3F5DFF5DF7A}"
EndProject
Project("{FAE04EC0-301F-11D3-BF4B-00C04F79EFBC}") = "InterstellarRift", "Plugins\InterstellarRift.csproj", "{35A4394B-4539-40D6-8A34-5081CC1A25EA}"
EndProject
Project("{FAE04EC0-301F-11D3-BF4B-00C04F79EFBC}") = "MedievalEngineers", "Plugins\MedievalEngineers.csproj", "{75D38047-C13E-4E90-890A-A34E3BD2C373}"
EndProject
Project("{FAE04EC0-301F-11D3-BF4B-00C04F79EFBC}") = "Nomad", "Plugins\Nomad.csproj", "{793699A6-B756-4D39-A6AA-D3E0E76D6EA8}"
EndProject
Project("{FAE04EC0-301F-11D3-BF4B-00C04F79EFBC}") = "SpaceEngineers", "Plugins\SpaceEngineers.csproj", "{69615363-634F-4FB6-AACF-139391E32904}"
EndProject
Project("{FAE04EC0-301F-11D3-BF4B-00C04F79EFBC}") = "Terraria", "Plugins\Terraria.csproj", "{9800368C-50A0-4422-89F9-B43ABB1D42E7}"
EndProject
Global
	GlobalSection(SolutionConfigurationPlatforms) = preSolution
		Debug|Any CPU = Debug|Any CPU
		Release|Any CPU = Release|Any CPU
	EndGlobalSection
	GlobalSection(ProjectConfigurationPlatforms) = postSolution
		{D2BE63FB-71E0-462A-89EB-1AFFA6D3C396}.Debug|Any CPU.ActiveCfg = Release|Any CPU
		{D2BE63FB-71E0-462A-89EB-1AFFA6D3C396}.Debug|Any CPU.Build.0 = Release|Any CPU
		{D2BE63FB-71E0-462A-89EB-1AFFA6D3C396}.Release|Any CPU.ActiveCfg = Release|Any CPU
		{D2BE63FB-71E0-462A-89EB-1AFFA6D3C396}.Release|Any CPU.Build.0 = Release|Any CPU
		{76DDAB02-1DD9-4D86-8AD9-74454B93B284}.Debug|Any CPU.ActiveCfg = Release|Any CPU
		{76DDAB02-1DD9-4D86-8AD9-74454B93B284}.Debug|Any CPU.Build.0 = Release|Any CPU
		{76DDAB02-1DD9-4D86-8AD9-74454B93B284}.Release|Any CPU.ActiveCfg = Release|Any CPU
		{76DDAB02-1DD9-4D86-8AD9-74454B93B284}.Release|Any CPU.Build.0 = Release|Any CPU
		{16C99A61-A09B-41E4-B07A-EDEE3FEB3D19}.Debug|Any CPU.ActiveCfg = Release|Any CPU
		{16C99A61-A09B-41E4-B07A-EDEE3FEB3D19}.Debug|Any CPU.Build.0 = Release|Any CPU
		{16C99A61-A09B-41E4-B07A-EDEE3FEB3D19}.Release|Any CPU.ActiveCfg = Release|Any CPU
		{16C99A61-A09B-41E4-B07A-EDEE3FEB3D19}.Release|Any CPU.Build.0 = Release|Any CPU
		{28D59FFC-8D7E-47B0-8FF5-03BB8EA5067D}.Debug|Any CPU.ActiveCfg = Release|Any CPU
		{28D59FFC-8D7E-47B0-8FF5-03BB8EA5067D}.Debug|Any CPU.Build.0 = Release|Any CPU
		{28D59FFC-8D7E-47B0-8FF5-03BB8EA5067D}.Release|Any CPU.ActiveCfg = Release|Any CPU
		{28D59FFC-8D7E-47B0-8FF5-03BB8EA5067D}.Release|Any CPU.Build.0 = Release|Any CPU
		{35169AA8-EB52-4506-B4A7-4A1FEF7CCEC2}.Debug|Any CPU.ActiveCfg = Release|Any CPU
		{35169AA8-EB52-4506-B4A7-4A1FEF7CCEC2}.Debug|Any CPU.Build.0 = Release|Any CPU
		{35169AA8-EB52-4506-B4A7-4A1FEF7CCEC2}.Release|Any CPU.ActiveCfg = Release|Any CPU
		{35169AA8-EB52-4506-B4A7-4A1FEF7CCEC2}.Release|Any CPU.Build.0 = Release|Any CPU
		{1209B8BF-B6D1-4BB8-9C70-C37628B95675}.Debug|Any CPU.ActiveCfg = Release|Any CPU
		{1209B8BF-B6D1-4BB8-9C70-C37628B95675}.Debug|Any CPU.Build.0 = Release|Any CPU
		{1209B8BF-B6D1-4BB8-9C70-C37628B95675}.Release|Any CPU.ActiveCfg = Release|Any CPU
		{1209B8BF-B6D1-4BB8-9C70-C37628B95675}.Release|Any CPU.Build.0 = Release|Any CPU
		{2FFB5732-C054-4786-B89B-5864C668F018}.Debug|Any CPU.ActiveCfg = Release|Any CPU
		{2FFB5732-C054-4786-B89B-5864C668F018}.Debug|Any CPU.Build.0 = Release|Any CPU
		{2FFB5732-C054-4786-B89B-5864C668F018}.Release|Any CPU.ActiveCfg = Release|Any CPU
		{2FFB5732-C054-4786-B89B-5864C668F018}.Release|Any CPU.Build.0 = Release|Any CPU
		{C27EB0E1-D92C-444D-89E9-2D58141DCF3B}.Debug|Any CPU.ActiveCfg = Debug|Any CPU
		{C27EB0E1-D92C-444D-89E9-2D58141DCF3B}.Debug|Any CPU.Build.0 = Debug|Any CPU
		{C27EB0E1-D92C-444D-89E9-2D58141DCF3B}.Release|Any CPU.ActiveCfg = Debug|Any CPU
		{C27EB0E1-D92C-444D-89E9-2D58141DCF3B}.Release|Any CPU.Build.0 = Debug|Any CPU
		{A3506EE5-68FD-4348-8699-D085995BEAFC}.Debug|Any CPU.ActiveCfg = Release|Any CPU
		{A3506EE5-68FD-4348-8699-D085995BEAFC}.Debug|Any CPU.Build.0 = Release|Any CPU
		{A3506EE5-68FD-4348-8699-D085995BEAFC}.Release|Any CPU.ActiveCfg = Release|Any CPU
		{A3506EE5-68FD-4348-8699-D085995BEAFC}.Release|Any CPU.Build.0 = Release|Any CPU
		{624B123B-EA53-4DE4-86A7-1D3A948C2F6C}.Debug|Any CPU.ActiveCfg = Release|Any CPU
		{624B123B-EA53-4DE4-86A7-1D3A948C2F6C}.Debug|Any CPU.Build.0 = Release|Any CPU
		{624B123B-EA53-4DE4-86A7-1D3A948C2F6C}.Release|Any CPU.ActiveCfg = Release|Any CPU
		{624B123B-EA53-4DE4-86A7-1D3A948C2F6C}.Release|Any CPU.Build.0 = Release|Any CPU
		{FC3528A2-0C09-447C-B94F-13F1000D9A4B}.Debug|Any CPU.ActiveCfg = Debug|Any CPU
		{FC3528A2-0C09-447C-B94F-13F1000D9A4B}.Debug|Any CPU.Build.0 = Debug|Any CPU
		{FC3528A2-0C09-447C-B94F-13F1000D9A4B}.Release|Any CPU.ActiveCfg = Debug|Any CPU
		{FC3528A2-0C09-447C-B94F-13F1000D9A4B}.Release|Any CPU.Build.0 = Debug|Any CPU
		{F31B985A-2C9D-4B20-AA77-B3F5DFF5DF7A}.Debug|Any CPU.ActiveCfg = Debug|Any CPU
		{F31B985A-2C9D-4B20-AA77-B3F5DFF5DF7A}.Debug|Any CPU.Build.0 = Debug|Any CPU
		{F31B985A-2C9D-4B20-AA77-B3F5DFF5DF7A}.Release|Any CPU.ActiveCfg = Debug|Any CPU
		{F31B985A-2C9D-4B20-AA77-B3F5DFF5DF7A}.Release|Any CPU.Build.0 = Debug|Any CPU
		{35A4394B-4539-40D6-8A34-5081CC1A25EA}.Debug|Any CPU.ActiveCfg = Release|Any CPU
		{35A4394B-4539-40D6-8A34-5081CC1A25EA}.Debug|Any CPU.Build.0 = Release|Any CPU
		{35A4394B-4539-40D6-8A34-5081CC1A25EA}.Release|Any CPU.ActiveCfg = Release|Any CPU
		{35A4394B-4539-40D6-8A34-5081CC1A25EA}.Release|Any CPU.Build.0 = Release|Any CPU
		{75D38047-C13E-4E90-890A-A34E3BD2C373}.Debug|Any CPU.ActiveCfg = Release|Any CPU
		{75D38047-C13E-4E90-890A-A34E3BD2C373}.Debug|Any CPU.Build.0 = Release|Any CPU
		{75D38047-C13E-4E90-890A-A34E3BD2C373}.Release|Any CPU.ActiveCfg = Release|Any CPU
		{75D38047-C13E-4E90-890A-A34E3BD2C373}.Release|Any CPU.Build.0 = Release|Any CPU
		{793699A6-B756-4D39-A6AA-D3E0E76D6EA8}.Debug|Any CPU.ActiveCfg = Release|Any CPU
		{793699A6-B756-4D39-A6AA-D3E0E76D6EA8}.Debug|Any CPU.Build.0 = Release|Any CPU
		{793699A6-B756-4D39-A6AA-D3E0E76D6EA8}.Release|Any CPU.ActiveCfg = Release|Any CPU
		{793699A6-B756-4D39-A6AA-D3E0E76D6EA8}.Release|Any CPU.Build.0 = Release|Any CPU
		{69615363-634F-4FB6-AACF-139391E32904}.Debug|Any CPU.ActiveCfg = Release|Any CPU
		{69615363-634F-4FB6-AACF-139391E32904}.Debug|Any CPU.Build.0 = Release|Any CPU
		{69615363-634F-4FB6-AACF-139391E32904}.Release|Any CPU.ActiveCfg = Release|Any CPU
		{69615363-634F-4FB6-AACF-139391E32904}.Release|Any CPU.Build.0 = Release|Any CPU
		{9800368C-50A0-4422-89F9-B43ABB1D42E7}.Debug|Any CPU.ActiveCfg = Release|Any CPU
		{9800368C-50A0-4422-89F9-B43ABB1D42E7}.Debug|Any CPU.Build.0 = Release|Any CPU
		{9800368C-50A0-4422-89F9-B43ABB1D42E7}.Release|Any CPU.ActiveCfg = Release|Any CPU
		{9800368C-50A0-4422-89F9-B43ABB1D42E7}.Release|Any CPU.Build.0 = Release|Any CPU
	EndGlobalSection
	GlobalSection(SolutionProperties) = preSolution
		HideSolutionNode = FALSE
	EndGlobalSection
EndGlobal
